// !$*UTF8*$!
{
	archiveVersion = 1;
	classes = {
	};
	objectVersion = 46;
	objects = {

/* Begin PBXBuildFile section */
		E6F488DC1670F0B4000B15B2 /* UIKit.framework in Frameworks */ = {isa = PBXBuildFile; fileRef = E6F488DB1670F0B4000B15B2 /* UIKit.framework */; };
		E6F488DE1670F0B4000B15B2 /* Foundation.framework in Frameworks */ = {isa = PBXBuildFile; fileRef = E6F488DD1670F0B4000B15B2 /* Foundation.framework */; };
		E6F488E01670F0B4000B15B2 /* CoreGraphics.framework in Frameworks */ = {isa = PBXBuildFile; fileRef = E6F488DF1670F0B4000B15B2 /* CoreGraphics.framework */; };
		E6F488E61670F0B4000B15B2 /* InfoPlist.strings in Resources */ = {isa = PBXBuildFile; fileRef = E6F488E41670F0B4000B15B2 /* InfoPlist.strings */; };
		E6F488E81670F0B4000B15B2 /* main.m in Sources */ = {isa = PBXBuildFile; fileRef = E6F488E71670F0B4000B15B2 /* main.m */; };
		E6F488EC1670F0B4000B15B2 /* AppDelegate.m in Sources */ = {isa = PBXBuildFile; fileRef = E6F488EB1670F0B4000B15B2 /* AppDelegate.m */; };
		E6F488EF1670F0B4000B15B2 /* MainStoryboard.storyboard in Resources */ = {isa = PBXBuildFile; fileRef = E6F488ED1670F0B4000B15B2 /* MainStoryboard.storyboard */; };
		E6F488F21670F0B4000B15B2 /* FirstViewController.m in Sources */ = {isa = PBXBuildFile; fileRef = E6F488F11670F0B4000B15B2 /* FirstViewController.m */; };
		E6F488F41670F0B4000B15B2 /* first.png in Resources */ = {isa = PBXBuildFile; fileRef = E6F488F31670F0B4000B15B2 /* first.png */; };
		E6F488F61670F0B4000B15B2 /* first@2x.png in Resources */ = {isa = PBXBuildFile; fileRef = E6F488F51670F0B4000B15B2 /* first@2x.png */; };
		E6F488F91670F0B4000B15B2 /* SecondViewController.m in Sources */ = {isa = PBXBuildFile; fileRef = E6F488F81670F0B4000B15B2 /* SecondViewController.m */; };
		E6F488FB1670F0B4000B15B2 /* second.png in Resources */ = {isa = PBXBuildFile; fileRef = E6F488FA1670F0B4000B15B2 /* second.png */; };
		E6F488FD1670F0B4000B15B2 /* second@2x.png in Resources */ = {isa = PBXBuildFile; fileRef = E6F488FC1670F0B4000B15B2 /* second@2x.png */; };
		E6F489051670F0B5000B15B2 /* SenTestingKit.framework in Frameworks */ = {isa = PBXBuildFile; fileRef = E6F489041670F0B5000B15B2 /* SenTestingKit.framework */; };
		E6F489061670F0B5000B15B2 /* UIKit.framework in Frameworks */ = {isa = PBXBuildFile; fileRef = E6F488DB1670F0B4000B15B2 /* UIKit.framework */; };
		E6F489071670F0B5000B15B2 /* Foundation.framework in Frameworks */ = {isa = PBXBuildFile; fileRef = E6F488DD1670F0B4000B15B2 /* Foundation.framework */; };
		E6F4890F1670F0B5000B15B2 /* InfoPlist.strings in Resources */ = {isa = PBXBuildFile; fileRef = E6F4890D1670F0B5000B15B2 /* InfoPlist.strings */; };
		E6F489121670F0B5000B15B2 /* douban_bookTests.m in Sources */ = {isa = PBXBuildFile; fileRef = E6F489111670F0B5000B15B2 /* douban_bookTests.m */; };
/* End PBXBuildFile section */

/* Begin PBXContainerItemProxy section */
		E6F489081670F0B5000B15B2 /* PBXContainerItemProxy */ = {
			isa = PBXContainerItemProxy;
			containerPortal = E6F488CE1670F0B4000B15B2 /* Project object */;
			proxyType = 1;
			remoteGlobalIDString = E6F488D61670F0B4000B15B2;
			remoteInfo = "douban-book";
		};
/* End PBXContainerItemProxy section */

/* Begin PBXFileReference section */
		E6F488D71670F0B4000B15B2 /* douban-book.app */ = {isa = PBXFileReference; explicitFileType = wrapper.application; includeInIndex = 0; path = "douban-book.app"; sourceTree = BUILT_PRODUCTS_DIR; };
		E6F488DB1670F0B4000B15B2 /* UIKit.framework */ = {isa = PBXFileReference; lastKnownFileType = wrapper.framework; name = UIKit.framework; path = System/Library/Frameworks/UIKit.framework; sourceTree = SDKROOT; };
		E6F488DD1670F0B4000B15B2 /* Foundation.framework */ = {isa = PBXFileReference; lastKnownFileType = wrapper.framework; name = Foundation.framework; path = System/Library/Frameworks/Foundation.framework; sourceTree = SDKROOT; };
		E6F488DF1670F0B4000B15B2 /* CoreGraphics.framework */ = {isa = PBXFileReference; lastKnownFileType = wrapper.framework; name = CoreGraphics.framework; path = System/Library/Frameworks/CoreGraphics.framework; sourceTree = SDKROOT; };
		E6F488E31670F0B4000B15B2 /* douban-book-Info.plist */ = {isa = PBXFileReference; path = "douban-book-Info.plist"; sourceTree = "<group>"; };
		E6F488E51670F0B4000B15B2 /* en */ = {isa = PBXFileReference; lastKnownFileType = text.plist.strings; name = en; path = en.lproj/InfoPlist.strings; sourceTree = "<group>"; };
		E6F488E71670F0B4000B15B2 /* main.m */ = {isa = PBXFileReference; lastKnownFileType = sourcecode.c.objc; path = main.m; sourceTree = "<group>"; };
		E6F488E91670F0B4000B15B2 /* douban-book-Prefix.pch */ = {isa = PBXFileReference; path = "douban-book-Prefix.pch"; sourceTree = "<group>"; };
		E6F488EA1670F0B4000B15B2 /* AppDelegate.h */ = {isa = PBXFileReference; path = AppDelegate.h; sourceTree = "<group>"; };
		E6F488EB1670F0B4000B15B2 /* AppDelegate.m */ = {isa = PBXFileReference; lastKnownFileType = sourcecode.c.objc; path = AppDelegate.m; sourceTree = "<group>"; };
		E6F488EE1670F0B4000B15B2 /* en */ = {isa = PBXFileReference; lastKnownFileType = file.storyboard; name = en; path = en.lproj/MainStoryboard.storyboard; sourceTree = "<group>"; };
		E6F488F01670F0B4000B15B2 /* FirstViewController.h */ = {isa = PBXFileReference; path = FirstViewController.h; sourceTree = "<group>"; };
		E6F488F11670F0B4000B15B2 /* FirstViewController.m */ = {isa = PBXFileReference; lastKnownFileType = sourcecode.c.objc; path = FirstViewController.m; sourceTree = "<group>"; };
		E6F488F31670F0B4000B15B2 /* first.png */ = {isa = PBXFileReference; lastKnownFileType = image.png; path = first.png; sourceTree = "<group>"; };
		E6F488F51670F0B4000B15B2 /* first@2x.png */ = {isa = PBXFileReference; lastKnownFileType = image.png; path = "first@2x.png"; sourceTree = "<group>"; };
		E6F488F71670F0B4000B15B2 /* SecondViewController.h */ = {isa = PBXFileReference; path = SecondViewController.h; sourceTree = "<group>"; };
		E6F488F81670F0B4000B15B2 /* SecondViewController.m */ = {isa = PBXFileReference; lastKnownFileType = sourcecode.c.objc; path = SecondViewController.m; sourceTree = "<group>"; };
		E6F488FA1670F0B4000B15B2 /* second.png */ = {isa = PBXFileReference; lastKnownFileType = image.png; path = second.png; sourceTree = "<group>"; };
		E6F488FC1670F0B4000B15B2 /* second@2x.png */ = {isa = PBXFileReference; lastKnownFileType = image.png; path = "second@2x.png"; sourceTree = "<group>"; };
		E6F489031670F0B5000B15B2 /* douban-bookTests.octest */ = {isa = PBXFileReference; explicitFileType = wrapper.cfbundle; includeInIndex = 0; path = "douban-bookTests.octest"; sourceTree = BUILT_PRODUCTS_DIR; };
		E6F489041670F0B5000B15B2 /* SenTestingKit.framework */ = {isa = PBXFileReference; lastKnownFileType = wrapper.framework; name = SenTestingKit.framework; path = Library/Frameworks/SenTestingKit.framework; sourceTree = DEVELOPER_DIR; };
		E6F4890C1670F0B5000B15B2 /* douban-bookTests-Info.plist */ = {isa = PBXFileReference; path = "douban-bookTests-Info.plist"; sourceTree = "<group>"; };
		E6F4890E1670F0B5000B15B2 /* en */ = {isa = PBXFileReference; lastKnownFileType = text.plist.strings; name = en; path = en.lproj/InfoPlist.strings; sourceTree = "<group>"; };
		E6F489101670F0B5000B15B2 /* douban_bookTests.h */ = {isa = PBXFileReference; path = douban_bookTests.h; sourceTree = "<group>"; };
		E6F489111670F0B5000B15B2 /* douban_bookTests.m */ = {isa = PBXFileReference; lastKnownFileType = sourcecode.c.objc; path = douban_bookTests.m; sourceTree = "<group>"; };
/* End PBXFileReference section */

/* Begin PBXFrameworksBuildPhase section */
		E6F488D41670F0B4000B15B2 /* Frameworks */ = {
			isa = PBXFrameworksBuildPhase;
			buildActionMask = 2147483647;
			files = (
				E6F488DC1670F0B4000B15B2 /* UIKit.framework in Frameworks */,
				E6F488DE1670F0B4000B15B2 /* Foundation.framework in Frameworks */,
				E6F488E01670F0B4000B15B2 /* CoreGraphics.framework in Frameworks */,
			);
			runOnlyForDeploymentPostprocessing = 0;
		};
		E6F488FF1670F0B5000B15B2 /* Frameworks */ = {
			isa = PBXFrameworksBuildPhase;
			buildActionMask = 2147483647;
			files = (
				E6F489051670F0B5000B15B2 /* SenTestingKit.framework in Frameworks */,
				E6F489061670F0B5000B15B2 /* UIKit.framework in Frameworks */,
				E6F489071670F0B5000B15B2 /* Foundation.framework in Frameworks */,
			);
			runOnlyForDeploymentPostprocessing = 0;
		};
/* End PBXFrameworksBuildPhase section */

/* Begin PBXGroup section */
		E6F488CC1670F0B4000B15B2 = {
			isa = PBXGroup;
			children = (
				E6F488E11670F0B4000B15B2 /* douban-book */,
				E6F4890A1670F0B5000B15B2 /* douban-bookTests */,
				E6F488DA1670F0B4000B15B2 /* Frameworks */,
				E6F488D81670F0B4000B15B2 /* Products */,
			);
			sourceTree = "<group>";
		};
		E6F488D81670F0B4000B15B2 /* Products */ = {
			isa = PBXGroup;
			children = (
				E6F488D71670F0B4000B15B2 /* douban-book.app */,
				E6F489031670F0B5000B15B2 /* douban-bookTests.octest */,
			);
			name = Products;
			sourceTree = "<group>";
		};
		E6F488DA1670F0B4000B15B2 /* Frameworks */ = {
			isa = PBXGroup;
			children = (
				E6F488DB1670F0B4000B15B2 /* UIKit.framework */,
				E6F488DD1670F0B4000B15B2 /* Foundation.framework */,
				E6F488DF1670F0B4000B15B2 /* CoreGraphics.framework */,
				E6F489041670F0B5000B15B2 /* SenTestingKit.framework */,
			);
			name = Frameworks;
			sourceTree = "<group>";
		};
		E6F488E11670F0B4000B15B2 /* douban-book */ = {
			isa = PBXGroup;
			children = (
				E6F488EA1670F0B4000B15B2 /* AppDelegate.h */,
				E6F488EB1670F0B4000B15B2 /* AppDelegate.m */,
				E6F488ED1670F0B4000B15B2 /* MainStoryboard.storyboard */,
				E6F488F01670F0B4000B15B2 /* FirstViewController.h */,
				E6F488F11670F0B4000B15B2 /* FirstViewController.m */,
				E6F488F31670F0B4000B15B2 /* first.png */,
				E6F488F51670F0B4000B15B2 /* first@2x.png */,
				E6F488F71670F0B4000B15B2 /* SecondViewController.h */,
				E6F488F81670F0B4000B15B2 /* SecondViewController.m */,
				E6F488FA1670F0B4000B15B2 /* second.png */,
				E6F488FC1670F0B4000B15B2 /* second@2x.png */,
				E6F488E21670F0B4000B15B2 /* Supporting Files */,
			);
			path = "douban-book";
			sourceTree = "<group>";
		};
		E6F488E21670F0B4000B15B2 /* Supporting Files */ = {
			isa = PBXGroup;
			children = (
				E6F488E31670F0B4000B15B2 /* douban-book-Info.plist */,
				E6F488E41670F0B4000B15B2 /* InfoPlist.strings */,
				E6F488E71670F0B4000B15B2 /* main.m */,
				E6F488E91670F0B4000B15B2 /* douban-book-Prefix.pch */,
			);
			name = "Supporting Files";
			sourceTree = "<group>";
		};
		E6F4890A1670F0B5000B15B2 /* douban-bookTests */ = {
			isa = PBXGroup;
			children = (
				E6F489101670F0B5000B15B2 /* douban_bookTests.h */,
				E6F489111670F0B5000B15B2 /* douban_bookTests.m */,
				E6F4890B1670F0B5000B15B2 /* Supporting Files */,
			);
			path = "douban-bookTests";
			sourceTree = "<group>";
		};
		E6F4890B1670F0B5000B15B2 /* Supporting Files */ = {
			isa = PBXGroup;
			children = (
				E6F4890C1670F0B5000B15B2 /* douban-bookTests-Info.plist */,
				E6F4890D1670F0B5000B15B2 /* InfoPlist.strings */,
			);
			name = "Supporting Files";
			sourceTree = "<group>";
		};
/* End PBXGroup section */

/* Begin PBXNativeTarget section */
		E6F488D61670F0B4000B15B2 /* douban-book */ = {
			isa = PBXNativeTarget;
			buildConfigurationList = E6F489151670F0B5000B15B2 /* Build configuration list for PBXNativeTarget "douban-book" */;
			buildPhases = (
				E6F488D31670F0B4000B15B2 /* Sources */,
				E6F488D41670F0B4000B15B2 /* Frameworks */,
				E6F488D51670F0B4000B15B2 /* Resources */,
			);
			buildRules = (
			);
			dependencies = (
			);
			name = "douban-book";
			productName = "douban-book";
			productReference = E6F488D71670F0B4000B15B2 /* douban-book.app */;
			productType = "com.apple.product-type.application";
		};
		E6F489021670F0B5000B15B2 /* douban-bookTests */ = {
			isa = PBXNativeTarget;
			buildConfigurationList = E6F489181670F0B5000B15B2 /* Build configuration list for PBXNativeTarget "douban-bookTests" */;
			buildPhases = (
				E6F488FE1670F0B5000B15B2 /* Sources */,
				E6F488FF1670F0B5000B15B2 /* Frameworks */,
				E6F489001670F0B5000B15B2 /* Resources */,
				E6F489011670F0B5000B15B2 /* ShellScript */,
			);
			buildRules = (
			);
			dependencies = (
				E6F489091670F0B5000B15B2 /* PBXTargetDependency */,
			);
			name = "douban-bookTests";
			productName = "douban-bookTests";
			productReference = E6F489031670F0B5000B15B2 /* douban-bookTests.octest */;
			productType = "com.apple.product-type.bundle";
		};
/* End PBXNativeTarget section */

/* Begin PBXProject section */
		E6F488CE1670F0B4000B15B2 /* Project object */ = {
			isa = PBXProject;
			attributes = {
				LastUpgradeCheck = 0430;
			};
			buildConfigurationList = E6F488D11670F0B4000B15B2 /* Build configuration list for PBXProject "douban-book" */;
			compatibilityVersion = "Xcode 3.2";
			developmentRegion = English;
			hasScannedForEncodings = 0;
			knownRegions = (
				en,
			);
			mainGroup = E6F488CC1670F0B4000B15B2;
			productRefGroup = E6F488D81670F0B4000B15B2 /* Products */;
			projectDirPath = "";
			projectRoot = "";
			targets = (
				E6F488D61670F0B4000B15B2 /* douban-book */,
				E6F489021670F0B5000B15B2 /* douban-bookTests */,
			);
		};
/* End PBXProject section */

/* Begin PBXResourcesBuildPhase section */
		E6F488D51670F0B4000B15B2 /* Resources */ = {
			isa = PBXResourcesBuildPhase;
			buildActionMask = 2147483647;
			files = (
				E6F488E61670F0B4000B15B2 /* InfoPlist.strings in Resources */,
				E6F488EF1670F0B4000B15B2 /* MainStoryboard.storyboard in Resources */,
				E6F488F41670F0B4000B15B2 /* first.png in Resources */,
				E6F488F61670F0B4000B15B2 /* first@2x.png in Resources */,
				E6F488FB1670F0B4000B15B2 /* second.png in Resources */,
				E6F488FD1670F0B4000B15B2 /* second@2x.png in Resources */,
			);
			runOnlyForDeploymentPostprocessing = 0;
		};
		E6F489001670F0B5000B15B2 /* Resources */ = {
			isa = PBXResourcesBuildPhase;
			buildActionMask = 2147483647;
			files = (
				E6F4890F1670F0B5000B15B2 /* InfoPlist.strings in Resources */,
			);
			runOnlyForDeploymentPostprocessing = 0;
		};
/* End PBXResourcesBuildPhase section */

/* Begin PBXShellScriptBuildPhase section */
		E6F489011670F0B5000B15B2 /* ShellScript */ = {
			isa = PBXShellScriptBuildPhase;
			buildActionMask = 2147483647;
			files = (
			);
			inputPaths = (
			);
			outputPaths = (
			);
			runOnlyForDeploymentPostprocessing = 0;
			shellPath = /bin/sh;
			shellScript = "# Run the unit tests in this test bundle.\n\"${SYSTEM_DEVELOPER_DIR}/Tools/RunUnitTests\"\n";
		};
/* End PBXShellScriptBuildPhase section */

/* Begin PBXSourcesBuildPhase section */
		E6F488D31670F0B4000B15B2 /* Sources */ = {
			isa = PBXSourcesBuildPhase;
			buildActionMask = 2147483647;
			files = (
				E6F488E81670F0B4000B15B2 /* main.m in Sources */,
				E6F488EC1670F0B4000B15B2 /* AppDelegate.m in Sources */,
				E6F488F21670F0B4000B15B2 /* FirstViewController.m in Sources */,
				E6F488F91670F0B4000B15B2 /* SecondViewController.m in Sources */,
			);
			runOnlyForDeploymentPostprocessing = 0;
		};
		E6F488FE1670F0B5000B15B2 /* Sources */ = {
			isa = PBXSourcesBuildPhase;
			buildActionMask = 2147483647;
			files = (
				E6F489121670F0B5000B15B2 /* douban_bookTests.m in Sources */,
			);
			runOnlyForDeploymentPostprocessing = 0;
		};
/* End PBXSourcesBuildPhase section */

/* Begin PBXTargetDependency section */
		E6F489091670F0B5000B15B2 /* PBXTargetDependency */ = {
			isa = PBXTargetDependency;
			target = E6F488D61670F0B4000B15B2 /* douban-book */;
			targetProxy = E6F489081670F0B5000B15B2 /* PBXContainerItemProxy */;
		};
/* End PBXTargetDependency section */

/* Begin PBXVariantGroup section */
		E6F488E41670F0B4000B15B2 /* InfoPlist.strings */ = {
			isa = PBXVariantGroup;
			children = (
				E6F488E51670F0B4000B15B2 /* en */,
			);
			name = InfoPlist.strings;
			sourceTree = "<group>";
		};
		E6F488ED1670F0B4000B15B2 /* MainStoryboard.storyboard */ = {
			isa = PBXVariantGroup;
			children = (
				E6F488EE1670F0B4000B15B2 /* en */,
			);
			name = MainStoryboard.storyboard;
			sourceTree = "<group>";
		};
		E6F4890D1670F0B5000B15B2 /* InfoPlist.strings */ = {
			isa = PBXVariantGroup;
			children = (
				E6F4890E1670F0B5000B15B2 /* en */,
			);
			name = InfoPlist.strings;
			sourceTree = "<group>";
		};
/* End PBXVariantGroup section */

/* Begin XCBuildConfiguration section */
		E6F489131670F0B5000B15B2 /* Debug */ = {
			isa = XCBuildConfiguration;
			buildSettings = {
				ALWAYS_SEARCH_USER_PATHS = NO;
				ARCHS = "$(ARCHS_STANDARD_32_BIT)";
				CLANG_ENABLE_OBJC_ARC = YES;
				"CODE_SIGN_IDENTITY[sdk=iphoneos*]" = "iPhone Developer";
				COPY_PHASE_STRIP = NO;
				GCC_C_LANGUAGE_STANDARD = gnu99;
				GCC_DYNAMIC_NO_PIC = NO;
				GCC_OPTIMIZATION_LEVEL = 0;
				GCC_PREPROCESSOR_DEFINITIONS = (
					"DEBUG=1",
					"$(inherited)",
				);
				GCC_SYMBOLS_PRIVATE_EXTERN = NO;
				GCC_VERSION = com.apple.compilers.llvm.clang.1_0;
				GCC_WARN_ABOUT_RETURN_TYPE = YES;
				GCC_WARN_UNINITIALIZED_AUTOS = YES;
				GCC_WARN_UNUSED_VARIABLE = YES;
				IPHONEOS_DEPLOYMENT_TARGET = 5.1;
				SDKROOT = iphoneos;
			};
			name = Debug;
		};
		E6F489141670F0B5000B15B2 /* Release */ = {
			isa = XCBuildConfiguration;
			buildSettings = {
				ALWAYS_SEARCH_USER_PATHS = NO;
				ARCHS = "$(ARCHS_STANDARD_32_BIT)";
				CLANG_ENABLE_OBJC_ARC = YES;
				"CODE_SIGN_IDENTITY[sdk=iphoneos*]" = "iPhone Developer";
				COPY_PHASE_STRIP = YES;
				GCC_C_LANGUAGE_STANDARD = gnu99;
				GCC_VERSION = com.apple.compilers.llvm.clang.1_0;
				GCC_WARN_ABOUT_RETURN_TYPE = YES;
				GCC_WARN_UNINITIALIZED_AUTOS = YES;
				GCC_WARN_UNUSED_VARIABLE = YES;
				IPHONEOS_DEPLOYMENT_TARGET = 5.1;
				OTHER_CFLAGS = "-DNS_BLOCK_ASSERTIONS=1";
				SDKROOT = iphoneos;
				VALIDATE_PRODUCT = YES;
			};
			name = Release;
		};
		E6F489161670F0B5000B15B2 /* Debug */ = {
			isa = XCBuildConfiguration;
			buildSettings = {
				GCC_PRECOMPILE_PREFIX_HEADER = YES;
				GCC_PREFIX_HEADER = "douban-book/douban-book-Prefix.pch";
				INFOPLIST_FILE = "douban-book/douban-book-Info.plist";
				PRODUCT_NAME = "$(TARGET_NAME)";
				WRAPPER_EXTENSION = app;
			};
			name = Debug;
		};
		E6F489171670F0B5000B15B2 /* Release */ = {
			isa = XCBuildConfiguration;
			buildSettings = {
				GCC_PRECOMPILE_PREFIX_HEADER = YES;
				GCC_PREFIX_HEADER = "douban-book/douban-book-Prefix.pch";
				INFOPLIST_FILE = "douban-book/douban-book-Info.plist";
				PRODUCT_NAME = "$(TARGET_NAME)";
				WRAPPER_EXTENSION = app;
			};
			name = Release;
		};
		E6F489191670F0B5000B15B2 /* Debug */ = {
			isa = XCBuildConfiguration;
			buildSettings = {
				BUNDLE_LOADER = "$(BUILT_PRODUCTS_DIR)/douban-book.app/douban-book";
				FRAMEWORK_SEARCH_PATHS = (
					"$(SDKROOT)/Developer/Library/Frameworks",
					"$(DEVELOPER_LIBRARY_DIR)/Frameworks",
				);
				GCC_PRECOMPILE_PREFIX_HEADER = YES;
				GCC_PREFIX_HEADER = "douban-book/douban-book-Prefix.pch";
				INFOPLIST_FILE = "douban-bookTests/douban-bookTests-Info.plist";
				PRODUCT_NAME = "$(TARGET_NAME)";
				TEST_HOST = "$(BUNDLE_LOADER)";
				WRAPPER_EXTENSION = octest;
			};
			name = Debug;
		};
		E6F4891A1670F0B5000B15B2 /* Release */ = {
			isa = XCBuildConfiguration;
			buildSettings = {
				BUNDLE_LOADER = "$(BUILT_PRODUCTS_DIR)/douban-book.app/douban-book";
				FRAMEWORK_SEARCH_PATHS = (
					"$(SDKROOT)/Developer/Library/Frameworks",
					"$(DEVELOPER_LIBRARY_DIR)/Frameworks",
				);
				GCC_PRECOMPILE_PREFIX_HEADER = YES;
				GCC_PREFIX_HEADER = "douban-book/douban-book-Prefix.pch";
				INFOPLIST_FILE = "douban-bookTests/douban-bookTests-Info.plist";
				PRODUCT_NAME = "$(TARGET_NAME)";
				TEST_HOST = "$(BUNDLE_LOADER)";
				WRAPPER_EXTENSION = octest;
			};
			name = Release;
		};
/* End XCBuildConfiguration section */

/* Begin XCConfigurationList section */
		E6F488D11670F0B4000B15B2 /* Build configuration list for PBXProject "douban-book" */ = {
			isa = XCConfigurationList;
			buildConfigurations = (
				E6F489131670F0B5000B15B2 /* Debug */,
				E6F489141670F0B5000B15B2 /* Release */,
			);
			defaultConfigurationIsVisible = 0;
			defaultConfigurationName = Release;
		};
		E6F489151670F0B5000B15B2 /* Build configuration list for PBXNativeTarget "douban-book" */ = {
			isa = XCConfigurationList;
			buildConfigurations = (
				E6F489161670F0B5000B15B2 /* Debug */,
				E6F489171670F0B5000B15B2 /* Release */,
			);
			defaultConfigurationIsVisible = 0;
		};
		E6F489181670F0B5000B15B2 /* Build configuration list for PBXNativeTarget "douban-bookTests" */ = {
			isa = XCConfigurationList;
			buildConfigurations = (
				E6F489191670F0B5000B15B2 /* Debug */,
				E6F4891A1670F0B5000B15B2 /* Release */,
			);
			defaultConfigurationIsVisible = 0;
		};
/* End XCConfigurationList section */
	};
	rootObject = E6F488CE1670F0B4000B15B2 /* Project object */;
}
